
Microsoft Visual Studio Solution File, Format Version 12.00
# Visual Studio 15
VisualStudioVersion = 15.0.27130.2010
MinimumVisualStudioVersion = 10.0.40219.1
Project("{FAE04EC0-301F-11D3-BF4B-00C04F79EFBC}") = "GameOfNim", "GameOfNim\GameOfNim.csproj", "{69E3EA88-8784-492E-B68B-186FB0DDB4C2}"
EndProject
Global
	GlobalSection(SolutionConfigurationPlatforms) = preSolution
		Debug|Any CPU = Debug|Any CPU
		Release|Any CPU = Release|Any CPU
	EndGlobalSection
	GlobalSection(ProjectConfigurationPlatforms) = postSolution
		{69E3EA88-8784-492E-B68B-186FB0DDB4C2}.Debug|Any CPU.ActiveCfg = Debug|Any CPU
		{69E3EA88-8784-492E-B68B-186FB0DDB4C2}.Debug|Any CPU.Build.0 = Debug|Any CPU
		{69E3EA88-8784-492E-B68B-186FB0DDB4C2}.Release|Any CPU.ActiveCfg = Release|Any CPU
		{69E3EA88-8784-492E-B68B-186FB0DDB4C2}.Release|Any CPU.Build.0 = Release|Any CPU
	EndGlobalSection
	GlobalSection(SolutionProperties) = preSolution
		HideSolutionNode = FALSE
	EndGlobalSection
	GlobalSection(ExtensibilityGlobals) = postSolution
		SolutionGuid = {E664CE01-E735-419A-934D-C78B24B7D591}
	EndGlobalSection
EndGlobal
